// !$*UTF8*$!
{
	archiveVersion = 1;
	classes = {
	};
	objectVersion = 46;
	objects = {

/* Begin PBXBuildFile section */
		4E20CAD31D281C4800A53015 /* SearchSongViewController.swift in Sources */ = {isa = PBXBuildFile; fileRef = 4E20CAD21D281C4800A53015 /* SearchSongViewController.swift */; };
		4E20CAD51D28222800A53015 /* PlayView.storyboard in Resources */ = {isa = PBXBuildFile; fileRef = 4E20CAD41D28222800A53015 /* PlayView.storyboard */; };
		4E20CAD71D28230500A53015 /* PlayViewViewController.swift in Sources */ = {isa = PBXBuildFile; fileRef = 4E20CAD61D28230500A53015 /* PlayViewViewController.swift */; };
		4EA1F0A21D280E3900D362A7 /* AppDelegate.swift in Sources */ = {isa = PBXBuildFile; fileRef = 4EA1F0A11D280E3900D362A7 /* AppDelegate.swift */; };
		4EA1F0A41D280E3900D362A7 /* ViewController.swift in Sources */ = {isa = PBXBuildFile; fileRef = 4EA1F0A31D280E3900D362A7 /* ViewController.swift */; };
		4EA1F0A71D280E3900D362A7 /* Main.storyboard in Resources */ = {isa = PBXBuildFile; fileRef = 4EA1F0A51D280E3900D362A7 /* Main.storyboard */; };
		4EA1F0A91D280E3900D362A7 /* Assets.xcassets in Resources */ = {isa = PBXBuildFile; fileRef = 4EA1F0A81D280E3900D362A7 /* Assets.xcassets */; };
		4EA1F0AC1D280E3900D362A7 /* LaunchScreen.storyboard in Resources */ = {isa = PBXBuildFile; fileRef = 4EA1F0AA1D280E3900D362A7 /* LaunchScreen.storyboard */; };
		4EA1F0B41D280ED400D362A7 /* Login.storyboard in Resources */ = {isa = PBXBuildFile; fileRef = 4EA1F0B31D280ED400D362A7 /* Login.storyboard */; };
		4EA1F0B61D2810A800D362A7 /* LoginViewController.swift in Sources */ = {isa = PBXBuildFile; fileRef = 4EA1F0B51D2810A800D362A7 /* LoginViewController.swift */; };
		4EA1F0B81D2810B600D362A7 /* InputWordViewController.swift in Sources */ = {isa = PBXBuildFile; fileRef = 4EA1F0B71D2810B600D362A7 /* InputWordViewController.swift */; };
		4EA1F0BA1D2810FD00D362A7 /* RememberWordCustomCell.swift in Sources */ = {isa = PBXBuildFile; fileRef = 4EA1F0B91D2810FD00D362A7 /* RememberWordCustomCell.swift */; };
		4EA1F0BC1D28112800D362A7 /* InputWord.storyboard in Resources */ = {isa = PBXBuildFile; fileRef = 4EA1F0BB1D28112800D362A7 /* InputWord.storyboard */; };
		4EA1F0BE1D28134400D362A7 /* SearchSong.storyboard in Resources */ = {isa = PBXBuildFile; fileRef = 4EA1F0BD1D28134400D362A7 /* SearchSong.storyboard */; };
/* End PBXBuildFile section */

/* Begin PBXFileReference section */
		4E20CAD21D281C4800A53015 /* SearchSongViewController.swift */ = {isa = PBXFileReference; fileEncoding = 4; lastKnownFileType = sourcecode.swift; path = SearchSongViewController.swift; sourceTree = "<group>"; };
		4E20CAD41D28222800A53015 /* PlayView.storyboard */ = {isa = PBXFileReference; fileEncoding = 4; lastKnownFileType = file.storyboard; path = PlayView.storyboard; sourceTree = "<group>"; };
		4E20CAD61D28230500A53015 /* PlayViewViewController.swift */ = {isa = PBXFileReference; fileEncoding = 4; lastKnownFileType = sourcecode.swift; path = PlayViewViewController.swift; sourceTree = "<group>"; };
		4EA1F09E1D280E3900D362A7 /* StudySong.app */ = {isa = PBXFileReference; explicitFileType = wrapper.application; includeInIndex = 0; path = StudySong.app; sourceTree = BUILT_PRODUCTS_DIR; };
		4EA1F0A11D280E3900D362A7 /* AppDelegate.swift */ = {isa = PBXFileReference; lastKnownFileType = sourcecode.swift; path = AppDelegate.swift; sourceTree = "<group>"; };
		4EA1F0A31D280E3900D362A7 /* ViewController.swift */ = {isa = PBXFileReference; lastKnownFileType = sourcecode.swift; path = ViewController.swift; sourceTree = "<group>"; };
		4EA1F0A61D280E3900D362A7 /* Base */ = {isa = PBXFileReference; lastKnownFileType = file.storyboard; name = Base; path = Base.lproj/Main.storyboard; sourceTree = "<group>"; };
		4EA1F0A81D280E3900D362A7 /* Assets.xcassets */ = {isa = PBXFileReference; lastKnownFileType = folder.assetcatalog; path = Assets.xcassets; sourceTree = "<group>"; };
		4EA1F0AB1D280E3900D362A7 /* Base */ = {isa = PBXFileReference; lastKnownFileType = file.storyboard; name = Base; path = Base.lproj/LaunchScreen.storyboard; sourceTree = "<group>"; };
		4EA1F0AD1D280E3900D362A7 /* Info.plist */ = {isa = PBXFileReference; lastKnownFileType = text.plist.xml; path = Info.plist; sourceTree = "<group>"; };
		4EA1F0B31D280ED400D362A7 /* Login.storyboard */ = {isa = PBXFileReference; fileEncoding = 4; lastKnownFileType = file.storyboard; path = Login.storyboard; sourceTree = "<group>"; };
		4EA1F0B51D2810A800D362A7 /* LoginViewController.swift */ = {isa = PBXFileReference; fileEncoding = 4; lastKnownFileType = sourcecode.swift; path = LoginViewController.swift; sourceTree = "<group>"; };
		4EA1F0B71D2810B600D362A7 /* InputWordViewController.swift */ = {isa = PBXFileReference; fileEncoding = 4; lastKnownFileType = sourcecode.swift; path = InputWordViewController.swift; sourceTree = "<group>"; };
		4EA1F0B91D2810FD00D362A7 /* RememberWordCustomCell.swift */ = {isa = PBXFileReference; fileEncoding = 4; lastKnownFileType = sourcecode.swift; path = RememberWordCustomCell.swift; sourceTree = "<group>"; };
		4EA1F0BB1D28112800D362A7 /* InputWord.storyboard */ = {isa = PBXFileReference; fileEncoding = 4; lastKnownFileType = file.storyboard; path = InputWord.storyboard; sourceTree = "<group>"; };
		4EA1F0BD1D28134400D362A7 /* SearchSong.storyboard */ = {isa = PBXFileReference; fileEncoding = 4; lastKnownFileType = file.storyboard; path = SearchSong.storyboard; sourceTree = "<group>"; };
/* End PBXFileReference section */

/* Begin PBXFrameworksBuildPhase section */
		4EA1F09B1D280E3900D362A7 /* Frameworks */ = {
			isa = PBXFrameworksBuildPhase;
			buildActionMask = 2147483647;
			files = (
			);
			runOnlyForDeploymentPostprocessing = 0;
		};
/* End PBXFrameworksBuildPhase section */

/* Begin PBXGroup section */
		4EA1F0951D280E3900D362A7 = {
			isa = PBXGroup;
			children = (
				4EA1F0A01D280E3900D362A7 /* StudySong */,
				4EA1F09F1D280E3900D362A7 /* Products */,
			);
			sourceTree = "<group>";
		};
		4EA1F09F1D280E3900D362A7 /* Products */ = {
			isa = PBXGroup;
			children = (
				4EA1F09E1D280E3900D362A7 /* StudySong.app */,
			);
			name = Products;
			sourceTree = "<group>";
		};
		4EA1F0A01D280E3900D362A7 /* StudySong */ = {
			isa = PBXGroup;
			children = (
				4EA1F0A81D280E3900D362A7 /* Assets.xcassets */,
				4EA1F0AD1D280E3900D362A7 /* Info.plist */,
				4EA1F0A11D280E3900D362A7 /* AppDelegate.swift */,
				4EA1F0A31D280E3900D362A7 /* ViewController.swift */,
				4EA1F0B51D2810A800D362A7 /* LoginViewController.swift */,
				4EA1F0B71D2810B600D362A7 /* InputWordViewController.swift */,
				4EA1F0B91D2810FD00D362A7 /* RememberWordCustomCell.swift */,
				4E20CAD21D281C4800A53015 /* SearchSongViewController.swift */,
				4E20CAD61D28230500A53015 /* PlayViewViewController.swift */,
				4EA1F0A51D280E3900D362A7 /* Main.storyboard */,
				4EA1F0AA1D280E3900D362A7 /* LaunchScreen.storyboard */,
				4EA1F0B31D280ED400D362A7 /* Login.storyboard */,
				4EA1F0BB1D28112800D362A7 /* InputWord.storyboard */,
				4EA1F0BD1D28134400D362A7 /* SearchSong.storyboard */,
				4E20CAD41D28222800A53015 /* PlayView.storyboard */,
			);
			path = StudySong;
			sourceTree = "<group>";
		};
/* End PBXGroup section */

/* Begin PBXNativeTarget section */
		4EA1F09D1D280E3900D362A7 /* StudySong */ = {
			isa = PBXNativeTarget;
			buildConfigurationList = 4EA1F0B01D280E3900D362A7 /* Build configuration list for PBXNativeTarget "StudySong" */;
			buildPhases = (
				4EA1F09A1D280E3900D362A7 /* Sources */,
				4EA1F09B1D280E3900D362A7 /* Frameworks */,
				4EA1F09C1D280E3900D362A7 /* Resources */,
			);
			buildRules = (
			);
			dependencies = (
			);
			name = StudySong;
			productName = StudySong;
			productReference = 4EA1F09E1D280E3900D362A7 /* StudySong.app */;
			productType = "com.apple.product-type.application";
		};
/* End PBXNativeTarget section */

/* Begin PBXProject section */
		4EA1F0961D280E3900D362A7 /* Project object */ = {
			isa = PBXProject;
			attributes = {
				LastSwiftUpdateCheck = 0730;
				LastUpgradeCheck = 0730;
				ORGANIZATIONNAME = "渡邊翼";
				TargetAttributes = {
					4EA1F09D1D280E3900D362A7 = {
						CreatedOnToolsVersion = 7.3.1;
						DevelopmentTeam = 28J2SX74JF;
					};
				};
			};
			buildConfigurationList = 4EA1F0991D280E3900D362A7 /* Build configuration list for PBXProject "StudySong" */;
			compatibilityVersion = "Xcode 3.2";
			developmentRegion = English;
			hasScannedForEncodings = 0;
			knownRegions = (
				en,
				Base,
			);
			mainGroup = 4EA1F0951D280E3900D362A7;
			productRefGroup = 4EA1F09F1D280E3900D362A7 /* Products */;
			projectDirPath = "";
			projectRoot = "";
			targets = (
				4EA1F09D1D280E3900D362A7 /* StudySong */,
			);
		};
/* End PBXProject section */

/* Begin PBXResourcesBuildPhase section */
		4EA1F09C1D280E3900D362A7 /* Resources */ = {
			isa = PBXResourcesBuildPhase;
			buildActionMask = 2147483647;
			files = (
				4EA1F0BC1D28112800D362A7 /* InputWord.storyboard in Resources */,
				4EA1F0B41D280ED400D362A7 /* Login.storyboard in Resources */,
				4EA1F0AC1D280E3900D362A7 /* LaunchScreen.storyboard in Resources */,
				4EA1F0A91D280E3900D362A7 /* Assets.xcassets in Resources */,
				4EA1F0A71D280E3900D362A7 /* Main.storyboard in Resources */,
				4EA1F0BE1D28134400D362A7 /* SearchSong.storyboard in Resources */,
				4E20CAD51D28222800A53015 /* PlayView.storyboard in Resources */,
			);
			runOnlyForDeploymentPostprocessing = 0;
		};
/* End PBXResourcesBuildPhase section */

/* Begin PBXSourcesBuildPhase section */
		4EA1F09A1D280E3900D362A7 /* Sources */ = {
			isa = PBXSourcesBuildPhase;
			buildActionMask = 2147483647;
			files = (
				4EA1F0B61D2810A800D362A7 /* LoginViewController.swift in Sources */,
				4E20CAD31D281C4800A53015 /* SearchSongViewController.swift in Sources */,
				4E20CAD71D28230500A53015 /* PlayViewViewController.swift in Sources */,
				4EA1F0A41D280E3900D362A7 /* ViewController.swift in Sources */,
				4EA1F0BA1D2810FD00D362A7 /* RememberWordCustomCell.swift in Sources */,
				4EA1F0A21D280E3900D362A7 /* AppDelegate.swift in Sources */,
				4EA1F0B81D2810B600D362A7 /* InputWordViewController.swift in Sources */,
			);
			runOnlyForDeploymentPostprocessing = 0;
		};
/* End PBXSourcesBuildPhase section */

/* Begin PBXVariantGroup section */
		4EA1F0A51D280E3900D362A7 /* Main.storyboard */ = {
			isa = PBXVariantGroup;
			children = (
				4EA1F0A61D280E3900D362A7 /* Base */,
			);
			name = Main.storyboard;
			sourceTree = "<group>";
		};
		4EA1F0AA1D280E3900D362A7 /* LaunchScreen.storyboard */ = {
			isa = PBXVariantGroup;
			children = (
				4EA1F0AB1D280E3900D362A7 /* Base */,
			);
			name = LaunchScreen.storyboard;
			sourceTree = "<group>";
		};
/* End PBXVariantGroup section */

/* Begin XCBuildConfiguration section */
		4EA1F0AE1D280E3900D362A7 /* Debug */ = {
			isa = XCBuildConfiguration;
			buildSettings = {
				ALWAYS_SEARCH_USER_PATHS = NO;
				CLANG_ANALYZER_NONNULL = YES;
				CLANG_CXX_LANGUAGE_STANDARD = "gnu++0x";
				CLANG_CXX_LIBRARY = "libc++";
				CLANG_ENABLE_MODULES = YES;
				CLANG_ENABLE_OBJC_ARC = YES;
				CLANG_WARN_BOOL_CONVERSION = YES;
				CLANG_WARN_CONSTANT_CONVERSION = YES;
				CLANG_WARN_DIRECT_OBJC_ISA_USAGE = YES_ERROR;
				CLANG_WARN_EMPTY_BODY = YES;
				CLANG_WARN_ENUM_CONVERSION = YES;
				CLANG_WARN_INT_CONVERSION = YES;
				CLANG_WARN_OBJC_ROOT_CLASS = YES_ERROR;
				CLANG_WARN_UNREACHABLE_CODE = YES;
				CLANG_WARN__DUPLICATE_METHOD_MATCH = YES;
				"CODE_SIGN_IDENTITY[sdk=iphoneos*]" = "iPhone Developer";
				COPY_PHASE_STRIP = NO;
				DEBUG_INFORMATION_FORMAT = dwarf;
				ENABLE_STRICT_OBJC_MSGSEND = YES;
				ENABLE_TESTABILITY = YES;
				GCC_C_LANGUAGE_STANDARD = gnu99;
				GCC_DYNAMIC_NO_PIC = NO;
				GCC_NO_COMMON_BLOCKS = YES;
				GCC_OPTIMIZATION_LEVEL = 0;
				GCC_PREPROCESSOR_DEFINITIONS = (
					"DEBUG=1",
					"$(inherited)",
				);
				GCC_WARN_64_TO_32_BIT_CONVERSION = YES;
				GCC_WARN_ABOUT_RETURN_TYPE = YES_ERROR;
				GCC_WARN_UNDECLARED_SELECTOR = YES;
				GCC_WARN_UNINITIALIZED_AUTOS = YES_AGGRESSIVE;
				GCC_WARN_UNUSED_FUNCTION = YES;
				GCC_WARN_UNUSED_VARIABLE = YES;
				IPHONEOS_DEPLOYMENT_TARGET = 9.3;
				MTL_ENABLE_DEBUG_INFO = YES;
				ONLY_ACTIVE_ARCH = YES;
				SDKROOT = iphoneos;
				SWIFT_OPTIMIZATION_LEVEL = "-Onone";
			};
			name = Debug;
		};
		4EA1F0AF1D280E3900D362A7 /* Release */ = {
			isa = XCBuildConfiguration;
			buildSettings = {
				ALWAYS_SEARCH_USER_PATHS = NO;
				CLANG_ANALYZER_NONNULL = YES;
				CLANG_CXX_LANGUAGE_STANDARD = "gnu++0x";
				CLANG_CXX_LIBRARY = "libc++";
				CLANG_ENABLE_MODULES = YES;
				CLANG_ENABLE_OBJC_ARC = YES;
				CLANG_WARN_BOOL_CONVERSION = YES;
				CLANG_WARN_CONSTANT_CONVERSION = YES;
				CLANG_WARN_DIRECT_OBJC_ISA_USAGE = YES_ERROR;
				CLANG_WARN_EMPTY_BODY = YES;
				CLANG_WARN_ENUM_CONVERSION = YES;
				CLANG_WARN_INT_CONVERSION = YES;
				CLANG_WARN_OBJC_ROOT_CLASS = YES_ERROR;
				CLANG_WARN_UNREACHABLE_CODE = YES;
				CLANG_WARN__DUPLICATE_METHOD_MATCH = YES;
				"CODE_SIGN_IDENTITY[sdk=iphoneos*]" = "iPhone Developer";
				COPY_PHASE_STRIP = NO;
				DEBUG_INFORMATION_FORMAT = "dwarf-with-dsym";
				ENABLE_NS_ASSERTIONS = NO;
				ENABLE_STRICT_OBJC_MSGSEND = YES;
				GCC_C_LANGUAGE_STANDARD = gnu99;
				GCC_NO_COMMON_BLOCKS = YES;
				GCC_WARN_64_TO_32_BIT_CONVERSION = YES;
				GCC_WARN_ABOUT_RETURN_TYPE = YES_ERROR;
				GCC_WARN_UNDECLARED_SELECTOR = YES;
				GCC_WARN_UNINITIALIZED_AUTOS = YES_AGGRESSIVE;
				GCC_WARN_UNUSED_FUNCTION = YES;
				GCC_WARN_UNUSED_VARIABLE = YES;
				IPHONEOS_DEPLOYMENT_TARGET = 9.3;
				MTL_ENABLE_DEBUG_INFO = NO;
				SDKROOT = iphoneos;
				VALIDATE_PRODUCT = YES;
			};
			name = Release;
		};
		4EA1F0B11D280E3900D362A7 /* Debug */ = {
			isa = XCBuildConfiguration;
			buildSettings = {
				ASSETCATALOG_COMPILER_APPICON_NAME = AppIcon;
				CODE_SIGN_IDENTITY = "iPhone Developer";
				"CODE_SIGN_IDENTITY[sdk=iphoneos*]" = "iPhone Developer";
				INFOPLIST_FILE = StudySong/Info.plist;
				LD_RUNPATH_SEARCH_PATHS = "$(inherited) @executable_path/Frameworks";
				PRODUCT_BUNDLE_IDENTIFIER = jp.sonix.tsubasa.watanabe.StudySong;
				PRODUCT_NAME = "$(TARGET_NAME)";
				PROVISIONING_PROFILE = "";
			};
			name = Debug;
		};
		4EA1F0B21D280E3900D362A7 /* Release */ = {
			isa = XCBuildConfiguration;
			buildSettings = {
				ASSETCATALOG_COMPILER_APPICON_NAME = AppIcon;
				CODE_SIGN_IDENTITY = "iPhone Developer";
				"CODE_SIGN_IDENTITY[sdk=iphoneos*]" = "iPhone Developer";
				INFOPLIST_FILE = StudySong/Info.plist;
				LD_RUNPATH_SEARCH_PATHS = "$(inherited) @executable_path/Frameworks";
				PRODUCT_BUNDLE_IDENTIFIER = jp.sonix.tsubasa.watanabe.StudySong;
				PRODUCT_NAME = "$(TARGET_NAME)";
				PROVISIONING_PROFILE = "";
			};
			name = Release;
		};
/* End XCBuildConfiguration section */

/* Begin XCConfigurationList section */
		4EA1F0991D280E3900D362A7 /* Build configuration list for PBXProject "StudySong" */ = {
			isa = XCConfigurationList;
			buildConfigurations = (
				4EA1F0AE1D280E3900D362A7 /* Debug */,
				4EA1F0AF1D280E3900D362A7 /* Release */,
			);
			defaultConfigurationIsVisible = 0;
			defaultConfigurationName = Release;
		};
		4EA1F0B01D280E3900D362A7 /* Build configuration list for PBXNativeTarget "StudySong" */ = {
			isa = XCConfigurationList;
			buildConfigurations = (
				4EA1F0B11D280E3900D362A7 /* Debug */,
				4EA1F0B21D280E3900D362A7 /* Release */,
			);
			defaultConfigurationIsVisible = 0;
			defaultConfigurationName = Release;
		};
/* End XCConfigurationList section */
	};
	rootObject = 4EA1F0961D280E3900D362A7 /* Project object */;
}
